
Microsoft Visual Studio Solution File, Format Version 12.00
# Visual Studio 15
VisualStudioVersion = 15.0.26403.7
MinimumVisualStudioVersion = 10.0.40219.1
Project("{FAE04EC0-301F-11D3-BF4B-00C04F79EFBC}") = "策略模式", "策略模式\策略模式.csproj", "{F30582A7-F52E-42AE-8105-81D242EF3BE4}"
EndProject
Global
	GlobalSection(SolutionConfigurationPlatforms) = preSolution
		Debug|Any CPU = Debug|Any CPU
		Release|Any CPU = Release|Any CPU
	EndGlobalSection
	GlobalSection(ProjectConfigurationPlatforms) = postSolution
		{F30582A7-F52E-42AE-8105-81D242EF3BE4}.Debug|Any CPU.ActiveCfg = Debug|Any CPU
		{F30582A7-F52E-42AE-8105-81D242EF3BE4}.Debug|Any CPU.Build.0 = Debug|Any CPU
		{F30582A7-F52E-42AE-8105-81D242EF3BE4}.Release|Any CPU.ActiveCfg = Release|Any CPU
		{F30582A7-F52E-42AE-8105-81D242EF3BE4}.Release|Any CPU.Build.0 = Release|Any CPU
	EndGlobalSection
	GlobalSection(SolutionProperties) = preSolution
		HideSolutionNode = FALSE
	EndGlobalSection
EndGlobal
