
Microsoft Visual Studio Solution File, Format Version 12.00
# Visual Studio 15
VisualStudioVersion = 15.0.26403.7
MinimumVisualStudioVersion = 10.0.40219.1
Project("{FAE04EC0-301F-11D3-BF4B-00C04F79EFBC}") = "观察者模式", "观察者模式\观察者模式.csproj", "{66A12CD9-5110-41AD-81E0-70F4BC28273C}"
EndProject
Global
	GlobalSection(SolutionConfigurationPlatforms) = preSolution
		Debug|Any CPU = Debug|Any CPU
		Release|Any CPU = Release|Any CPU
	EndGlobalSection
	GlobalSection(ProjectConfigurationPlatforms) = postSolution
		{66A12CD9-5110-41AD-81E0-70F4BC28273C}.Debug|Any CPU.ActiveCfg = Debug|Any CPU
		{66A12CD9-5110-41AD-81E0-70F4BC28273C}.Debug|Any CPU.Build.0 = Debug|Any CPU
		{66A12CD9-5110-41AD-81E0-70F4BC28273C}.Release|Any CPU.ActiveCfg = Release|Any CPU
		{66A12CD9-5110-41AD-81E0-70F4BC28273C}.Release|Any CPU.Build.0 = Release|Any CPU
	EndGlobalSection
	GlobalSection(SolutionProperties) = preSolution
		HideSolutionNode = FALSE
	EndGlobalSection
EndGlobal
